
Microsoft Visual Studio Solution File, Format Version 12.00
# Visual Studio Version 17
VisualStudioVersion = 17.1.32210.238
MinimumVisualStudioVersion = 10.0.40219.1
Project("{9A19103F-16F7-4668-BE54-9A1E7A4F7556}") = "GrpcServer", "grpc_db_ops\GrpcServer.csproj", "{539E90B8-4422-4BA9-A8C4-D899F819718B}"
EndProject
Project("{FAE04EC0-301F-11D3-BF4B-00C04F79EFBC}") = "GrpcStudentTableClient", "StudentTable\GrpcStudentTableClient.csproj", "{A2B62728-F1CC-4B50-809F-66899BCF3414}"
EndProject
Global
	GlobalSection(SolutionConfigurationPlatforms) = preSolution
		Debug|Any CPU = Debug|Any CPU
		Release|Any CPU = Release|Any CPU
	EndGlobalSection
	GlobalSection(ProjectConfigurationPlatforms) = postSolution
		{539E90B8-4422-4BA9-A8C4-D899F819718B}.Debug|Any CPU.ActiveCfg = Debug|Any CPU
		{539E90B8-4422-4BA9-A8C4-D899F819718B}.Debug|Any CPU.Build.0 = Debug|Any CPU
		{539E90B8-4422-4BA9-A8C4-D899F819718B}.Release|Any CPU.ActiveCfg = Release|Any CPU
		{539E90B8-4422-4BA9-A8C4-D899F819718B}.Release|Any CPU.Build.0 = Release|Any CPU
		{A2B62728-F1CC-4B50-809F-66899BCF3414}.Debug|Any CPU.ActiveCfg = Debug|Any CPU
		{A2B62728-F1CC-4B50-809F-66899BCF3414}.Debug|Any CPU.Build.0 = Debug|Any CPU
		{A2B62728-F1CC-4B50-809F-66899BCF3414}.Release|Any CPU.ActiveCfg = Release|Any CPU
		{A2B62728-F1CC-4B50-809F-66899BCF3414}.Release|Any CPU.Build.0 = Release|Any CPU
	EndGlobalSection
	GlobalSection(SolutionProperties) = preSolution
		HideSolutionNode = FALSE
	EndGlobalSection
	GlobalSection(ExtensibilityGlobals) = postSolution
		SolutionGuid = {142BECB4-858E-414B-AF98-537D2E220824}
	EndGlobalSection
EndGlobal
